
Microsoft Visual Studio Solution File, Format Version 12.00
# Visual Studio 15
VisualStudioVersion = 15.0.28307.1082
MinimumVisualStudioVersion = 10.0.40219.1
Project("{FAE04EC0-301F-11D3-BF4B-00C04F79EFBC}") = "labba2sem3.1", "labba2sem3.1\labba2sem3.1.csproj", "{4E93C848-9EF8-4532-BCC6-BD1ED22A3C95}"
EndProject
Global
	GlobalSection(SolutionConfigurationPlatforms) = preSolution
		Debug|Any CPU = Debug|Any CPU
		Release|Any CPU = Release|Any CPU
	EndGlobalSection
	GlobalSection(ProjectConfigurationPlatforms) = postSolution
		{4E93C848-9EF8-4532-BCC6-BD1ED22A3C95}.Debug|Any CPU.ActiveCfg = Debug|Any CPU
		{4E93C848-9EF8-4532-BCC6-BD1ED22A3C95}.Debug|Any CPU.Build.0 = Debug|Any CPU
		{4E93C848-9EF8-4532-BCC6-BD1ED22A3C95}.Release|Any CPU.ActiveCfg = Release|Any CPU
		{4E93C848-9EF8-4532-BCC6-BD1ED22A3C95}.Release|Any CPU.Build.0 = Release|Any CPU
	EndGlobalSection
	GlobalSection(SolutionProperties) = preSolution
		HideSolutionNode = FALSE
	EndGlobalSection
	GlobalSection(ExtensibilityGlobals) = postSolution
		SolutionGuid = {0A1B8433-7064-4340-9683-15D2B4CDD8D4}
	EndGlobalSection
EndGlobal
